
Microsoft Visual Studio Solution File, Format Version 12.00
# Visual Studio Version 17
VisualStudioVersion = 17.14.36811.4 d17.14
MinimumVisualStudioVersion = 10.0.40219.1
Project("{FAE04EC0-301F-11D3-BF4B-00C04F79EFBC}") = "Negocio.Web", "Negocio.Web\Negocio.Web.csproj", "{CD83E855-871B-4F59-ABD4-7F447A85AC9D}"
EndProject
Global
	GlobalSection(SolutionConfigurationPlatforms) = preSolution
		Debug|Any CPU = Debug|Any CPU
		Release|Any CPU = Release|Any CPU
	EndGlobalSection
	GlobalSection(ProjectConfigurationPlatforms) = postSolution
		{CD83E855-871B-4F59-ABD4-7F447A85AC9D}.Debug|Any CPU.ActiveCfg = Debug|Any CPU
		{CD83E855-871B-4F59-ABD4-7F447A85AC9D}.Debug|Any CPU.Build.0 = Debug|Any CPU
		{CD83E855-871B-4F59-ABD4-7F447A85AC9D}.Release|Any CPU.ActiveCfg = Release|Any CPU
		{CD83E855-871B-4F59-ABD4-7F447A85AC9D}.Release|Any CPU.Build.0 = Release|Any CPU
	EndGlobalSection
	GlobalSection(SolutionProperties) = preSolution
		HideSolutionNode = FALSE
	EndGlobalSection
	GlobalSection(ExtensibilityGlobals) = postSolution
		SolutionGuid = {18C0734B-1EDB-4DEB-9DA3-29901D5B953D}
	EndGlobalSection
EndGlobal
